{
  "requires": true,
  "lockfileVersion": 1,
  "dependencies": {
    "jsesc": {
      "version": "2.5.1",
      "resolved": "https://registry.npmjs.org/jsesc/-/jsesc-2.5.1.tgz",
      "integrity": "sha1-5CGiqOINawgZ3yiQj3glJrlt0f4="
    },
    "regenerate": {
      "version": "1.4.0",
      "resolved": "https://registry.npmjs.org/regenerate/-/regenerate-1.4.0.tgz",
      "integrity": "sha512-1G6jJVDWrt0rK99kBjvEtziZNCICAuvIPkSiUFIQxVP06RCVpq3dmDo2oi6ABpYaDYaTRr67BEhL8r1wgEZZKg=="
    },
    "regexgen": {
      "version": "file:parser + regexgen/regexgen-master",
      "requires": {
        "jsesc": "2.5.1",
        "regenerate": "1.4.0"
      },
      "dependencies": {
        "jsesc": {
          "version": "2.5.1",
          "bundled": true
        },
        "regenerate": {
          "version": "1.4.0",
          "bundled": true
        }
      }
    }
  }
}
